// !$*UTF8*$!
{
	archiveVersion = 1;
	classes = {
	};
	objectVersion = 51;
	objects = {

/* Begin PBXBuildFile section */
		270037AC2222D9FD00205DB8 /* IconButton.swift in Sources */ = {isa = PBXBuildFile; fileRef = 270037AB2222D9FD00205DB8 /* IconButton.swift */; };
		270037AE2226D1D100205DB8 /* UndoManager.swift in Sources */ = {isa = PBXBuildFile; fileRef = 270037AD2226D1D100205DB8 /* UndoManager.swift */; };
		27022B5B21A7B6970078588D /* AppDelegate.swift in Sources */ = {isa = PBXBuildFile; fileRef = 27022B5A21A7B6970078588D /* AppDelegate.swift */; };
		27022B5D21A7B6970078588D /* MainViewController.swift in Sources */ = {isa = PBXBuildFile; fileRef = 27022B5C21A7B6970078588D /* MainViewController.swift */; };
		27022B6021A7B6970078588D /* Main.storyboard in Resources */ = {isa = PBXBuildFile; fileRef = 27022B5E21A7B6970078588D /* Main.storyboard */; };
		27022B6221A7B6980078588D /* Assets.xcassets in Resources */ = {isa = PBXBuildFile; fileRef = 27022B6121A7B6980078588D /* Assets.xcassets */; };
		27022B6521A7B6980078588D /* LaunchScreen.storyboard in Resources */ = {isa = PBXBuildFile; fileRef = 27022B6321A7B6980078588D /* LaunchScreen.storyboard */; };
		270E7D5B21FC837300626223 /* SudokuWizardGridView.swift in Sources */ = {isa = PBXBuildFile; fileRef = 270E7D5A21FC837300626223 /* SudokuWizardGridView.swift */; };
		27161F0B21CD42AE006CDB71 /* SudokuWizard.swift in Sources */ = {isa = PBXBuildFile; fileRef = 27161F0A21CD42AE006CDB71 /* SudokuWizard.swift */; };
		27161F1221CE1C43006CDB71 /* FactoryDefaults.plist in Resources */ = {isa = PBXBuildFile; fileRef = 27161F1121CE1C43006CDB71 /* FactoryDefaults.plist */; };
		27161F1321CEA928006CDB71 /* icons8-settings.png in Resources */ = {isa = PBXBuildFile; fileRef = 27161F1021CE1BE0006CDB71 /* icons8-settings.png */; };
		2734F54021C7589A005DA954 /* SudokuWizardSplash.png in Resources */ = {isa = PBXBuildFile; fileRef = 2734F53F21C7589A005DA954 /* SudokuWizardSplash.png */; };
		2734F54721C86C62005DA954 /* SettingsViewController.swift in Sources */ = {isa = PBXBuildFile; fileRef = 2734F54621C86C62005DA954 /* SettingsViewController.swift */; };
		2734F55121CA0741005DA954 /* Settings.swift in Sources */ = {isa = PBXBuildFile; fileRef = 2734F55021CA0741005DA954 /* Settings.swift */; };
		2734F55621CBBCC5005DA954 /* Transitions.swift in Sources */ = {isa = PBXBuildFile; fileRef = 2734F55521CBBCC5005DA954 /* Transitions.swift */; };
		27382553220E4C700067A6D7 /* StatusView.swift in Sources */ = {isa = PBXBuildFile; fileRef = 27382552220E4C700067A6D7 /* StatusView.swift */; };
		27382555220E8FE80067A6D7 /* DigitButton.swift in Sources */ = {isa = PBXBuildFile; fileRef = 27382554220E8FE80067A6D7 /* DigitButton.swift */; };
		2744C0B021D541F3009DB55A /* icons8-squared_menu.png in Resources */ = {isa = PBXBuildFile; fileRef = 2744C0AF21D541F3009DB55A /* icons8-squared_menu.png */; };
		2744C0B221D544BE009DB55A /* ScanPuzzleViewController.swift in Sources */ = {isa = PBXBuildFile; fileRef = 2744C0B121D544BE009DB55A /* ScanPuzzleViewController.swift */; };
		2744C0B421D54584009DB55A /* icons8-under_construction_filled.png in Resources */ = {isa = PBXBuildFile; fileRef = 2744C0B321D54584009DB55A /* icons8-under_construction_filled.png */; };
		2744C0B621D54B22009DB55A /* RandomPuzzleViewController.swift in Sources */ = {isa = PBXBuildFile; fileRef = 2744C0B521D54B22009DB55A /* RandomPuzzleViewController.swift */; };
		27A1D63B21BA25A8007AF213 /* SudokuWizardCellView.swift in Sources */ = {isa = PBXBuildFile; fileRef = 27A1D63A21BA25A7007AF213 /* SudokuWizardCellView.swift */; };
		27B13BC421D4278900B4B81D /* icons8-squared_menu_filled.png in Resources */ = {isa = PBXBuildFile; fileRef = 27B13BC321D4278900B4B81D /* icons8-squared_menu_filled.png */; };
		27B13BE621D52F9A00B4B81D /* NewPuzzleViewController.swift in Sources */ = {isa = PBXBuildFile; fileRef = 27B13BE521D52F9A00B4B81D /* NewPuzzleViewController.swift */; };
		27C118B821D66D94001CC6CD /* ManualPuzzleViewController.swift in Sources */ = {isa = PBXBuildFile; fileRef = 27C118B721D66D94001CC6CD /* ManualPuzzleViewController.swift */; };
		27C54BC82220D64E001F8EAF /* icons8-construction_carpenter_ruler.png in Resources */ = {isa = PBXBuildFile; fileRef = 27C54BC72220D64E001F8EAF /* icons8-construction_carpenter_ruler.png */; };
		27C54BCA2220D784001F8EAF /* icons8-cancel.png in Resources */ = {isa = PBXBuildFile; fileRef = 27C54BC92220D783001F8EAF /* icons8-cancel.png */; };
		27C54BCD2220EA77001F8EAF /* icons8-pen.png in Resources */ = {isa = PBXBuildFile; fileRef = 27C54BCC2220EA77001F8EAF /* icons8-pen.png */; };
		27C54BCF2220EA8E001F8EAF /* icons8-pencil_tip.png in Resources */ = {isa = PBXBuildFile; fileRef = 27C54BCE2220EA8E001F8EAF /* icons8-pencil_tip.png */; };
		27C54BD72221FA6F001F8EAF /* icons8-undo.png in Resources */ = {isa = PBXBuildFile; fileRef = 27C54BD62221FA6F001F8EAF /* icons8-undo.png */; };
		27C54BD92221FA8E001F8EAF /* icons8-redo.png in Resources */ = {isa = PBXBuildFile; fileRef = 27C54BD82221FA8E001F8EAF /* icons8-redo.png */; };
		27C54BDB2221FAD6001F8EAF /* icons8-undo-redo.png in Resources */ = {isa = PBXBuildFile; fileRef = 27C54BDA2221FAD6001F8EAF /* icons8-undo-redo.png */; };
		27D1E930220DCE29001A1565 /* EditorBackgroundView.swift in Sources */ = {isa = PBXBuildFile; fileRef = 27D1E92F220DCE29001A1565 /* EditorBackgroundView.swift */; };
		27E94DA421DAADCA00D0C4EE /* DLXAlgorithm.swift in Sources */ = {isa = PBXBuildFile; fileRef = 27E94D9F21DAADCA00D0C4EE /* DLXAlgorithm.swift */; };
		27E94DA521DAADCA00D0C4EE /* DLX.swift in Sources */ = {isa = PBXBuildFile; fileRef = 27E94DA021DAADCA00D0C4EE /* DLX.swift */; };
		27E94DA621DAADCA00D0C4EE /* DLXColumnNode.swift in Sources */ = {isa = PBXBuildFile; fileRef = 27E94DA121DAADCA00D0C4EE /* DLXColumnNode.swift */; };
		27E94DA721DAADCA00D0C4EE /* DLXGridNode.swift in Sources */ = {isa = PBXBuildFile; fileRef = 27E94DA221DAADCA00D0C4EE /* DLXGridNode.swift */; };
		27E94DA821DAADCA00D0C4EE /* DLXNode.swift in Sources */ = {isa = PBXBuildFile; fileRef = 27E94DA321DAADCA00D0C4EE /* DLXNode.swift */; };
		27E94DAA21DAADE900D0C4EE /* DLXSudoku.swift in Sources */ = {isa = PBXBuildFile; fileRef = 27E94DA921DAADE900D0C4EE /* DLXSudoku.swift */; };
		27E94DAE21DBD76900D0C4EE /* RandomSudoku.swift in Sources */ = {isa = PBXBuildFile; fileRef = 27E94DAD21DBD76900D0C4EE /* RandomSudoku.swift */; };
		27E94DB021E946C900D0C4EE /* SudokuGrader.swift in Sources */ = {isa = PBXBuildFile; fileRef = 27E94DAF21E946C900D0C4EE /* SudokuGrader.swift */; };
		27E94DB621ECD3E800D0C4EE /* DigitSet.swift in Sources */ = {isa = PBXBuildFile; fileRef = 27E94DB521ECD3E700D0C4EE /* DigitSet.swift */; };
		27F3FBC92220376E00AA1B79 /* DigitButtonBox.swift in Sources */ = {isa = PBXBuildFile; fileRef = 27F3FBC82220376E00AA1B79 /* DigitButtonBox.swift */; };
/* End PBXBuildFile section */

/* Begin PBXFileReference section */
		270037AB2222D9FD00205DB8 /* IconButton.swift */ = {isa = PBXFileReference; lastKnownFileType = sourcecode.swift; path = IconButton.swift; sourceTree = "<group>"; };
		270037AD2226D1D100205DB8 /* UndoManager.swift */ = {isa = PBXFileReference; fileEncoding = 4; lastKnownFileType = sourcecode.swift; path = UndoManager.swift; sourceTree = "<group>"; };
		27022B5721A7B6970078588D /* SudokuWizard.app */ = {isa = PBXFileReference; explicitFileType = wrapper.application; includeInIndex = 0; path = SudokuWizard.app; sourceTree = BUILT_PRODUCTS_DIR; };
		27022B5A21A7B6970078588D /* AppDelegate.swift */ = {isa = PBXFileReference; lastKnownFileType = sourcecode.swift; path = AppDelegate.swift; sourceTree = "<group>"; };
		27022B5C21A7B6970078588D /* MainViewController.swift */ = {isa = PBXFileReference; lastKnownFileType = sourcecode.swift; path = MainViewController.swift; sourceTree = "<group>"; };
		27022B5F21A7B6970078588D /* Base */ = {isa = PBXFileReference; lastKnownFileType = file.storyboard; name = Base; path = Base.lproj/Main.storyboard; sourceTree = "<group>"; };
		27022B6121A7B6980078588D /* Assets.xcassets */ = {isa = PBXFileReference; lastKnownFileType = folder.assetcatalog; path = Assets.xcassets; sourceTree = "<group>"; };
		27022B6421A7B6980078588D /* Base */ = {isa = PBXFileReference; lastKnownFileType = file.storyboard; name = Base; path = Base.lproj/LaunchScreen.storyboard; sourceTree = "<group>"; };
		27022B6621A7B6980078588D /* Info.plist */ = {isa = PBXFileReference; lastKnownFileType = text.plist.xml; path = Info.plist; sourceTree = "<group>"; };
		270E7D5A21FC837300626223 /* SudokuWizardGridView.swift */ = {isa = PBXFileReference; fileEncoding = 4; lastKnownFileType = sourcecode.swift; path = SudokuWizardGridView.swift; sourceTree = "<group>"; };
		27161F0A21CD42AE006CDB71 /* SudokuWizard.swift */ = {isa = PBXFileReference; lastKnownFileType = sourcecode.swift; path = SudokuWizard.swift; sourceTree = "<group>"; };
		27161F1021CE1BE0006CDB71 /* icons8-settings.png */ = {isa = PBXFileReference; lastKnownFileType = image.png; path = "icons8-settings.png"; sourceTree = "<group>"; };
		27161F1121CE1C43006CDB71 /* FactoryDefaults.plist */ = {isa = PBXFileReference; lastKnownFileType = text.plist.xml; path = FactoryDefaults.plist; sourceTree = "<group>"; };
		2734F53F21C7589A005DA954 /* SudokuWizardSplash.png */ = {isa = PBXFileReference; lastKnownFileType = image.png; path = SudokuWizardSplash.png; sourceTree = "<group>"; };
		2734F54621C86C62005DA954 /* SettingsViewController.swift */ = {isa = PBXFileReference; lastKnownFileType = sourcecode.swift; path = SettingsViewController.swift; sourceTree = "<group>"; };
		2734F55021CA0741005DA954 /* Settings.swift */ = {isa = PBXFileReference; lastKnownFileType = sourcecode.swift; path = Settings.swift; sourceTree = "<group>"; };
		2734F55521CBBCC5005DA954 /* Transitions.swift */ = {isa = PBXFileReference; lastKnownFileType = sourcecode.swift; path = Transitions.swift; sourceTree = "<group>"; };
		27382552220E4C700067A6D7 /* StatusView.swift */ = {isa = PBXFileReference; lastKnownFileType = sourcecode.swift; path = StatusView.swift; sourceTree = "<group>"; };
		27382554220E8FE80067A6D7 /* DigitButton.swift */ = {isa = PBXFileReference; lastKnownFileType = sourcecode.swift; path = DigitButton.swift; sourceTree = "<group>"; };
		2744C0AF21D541F3009DB55A /* icons8-squared_menu.png */ = {isa = PBXFileReference; lastKnownFileType = image.png; path = "icons8-squared_menu.png"; sourceTree = "<group>"; };
		2744C0B121D544BE009DB55A /* ScanPuzzleViewController.swift */ = {isa = PBXFileReference; lastKnownFileType = sourcecode.swift; path = ScanPuzzleViewController.swift; sourceTree = "<group>"; };
		2744C0B321D54584009DB55A /* icons8-under_construction_filled.png */ = {isa = PBXFileReference; lastKnownFileType = image.png; path = "icons8-under_construction_filled.png"; sourceTree = "<group>"; };
		2744C0B521D54B22009DB55A /* RandomPuzzleViewController.swift */ = {isa = PBXFileReference; lastKnownFileType = sourcecode.swift; path = RandomPuzzleViewController.swift; sourceTree = "<group>"; };
		27A1D63A21BA25A7007AF213 /* SudokuWizardCellView.swift */ = {isa = PBXFileReference; fileEncoding = 4; lastKnownFileType = sourcecode.swift; path = SudokuWizardCellView.swift; sourceTree = "<group>"; };
		27B13BC321D4278900B4B81D /* icons8-squared_menu_filled.png */ = {isa = PBXFileReference; lastKnownFileType = image.png; path = "icons8-squared_menu_filled.png"; sourceTree = "<group>"; };
		27B13BE521D52F9A00B4B81D /* NewPuzzleViewController.swift */ = {isa = PBXFileReference; lastKnownFileType = sourcecode.swift; path = NewPuzzleViewController.swift; sourceTree = "<group>"; };
		27C118B721D66D94001CC6CD /* ManualPuzzleViewController.swift */ = {isa = PBXFileReference; lastKnownFileType = sourcecode.swift; path = ManualPuzzleViewController.swift; sourceTree = "<group>"; };
		27C54BC72220D64E001F8EAF /* icons8-construction_carpenter_ruler.png */ = {isa = PBXFileReference; lastKnownFileType = image.png; path = "icons8-construction_carpenter_ruler.png"; sourceTree = "<group>"; };
		27C54BC92220D783001F8EAF /* icons8-cancel.png */ = {isa = PBXFileReference; lastKnownFileType = image.png; path = "icons8-cancel.png"; sourceTree = "<group>"; };
		27C54BCC2220EA77001F8EAF /* icons8-pen.png */ = {isa = PBXFileReference; lastKnownFileType = image.png; name = "icons8-pen.png"; path = "../../../../Documents/com.visualpharm.Icons8/ios/Editing/25/000000/icons8-pen.png"; sourceTree = "<group>"; };
		27C54BCE2220EA8E001F8EAF /* icons8-pencil_tip.png */ = {isa = PBXFileReference; lastKnownFileType = image.png; path = "icons8-pencil_tip.png"; sourceTree = "<group>"; };
		27C54BD62221FA6F001F8EAF /* icons8-undo.png */ = {isa = PBXFileReference; lastKnownFileType = image.png; path = "icons8-undo.png"; sourceTree = "<group>"; };
		27C54BD82221FA8E001F8EAF /* icons8-redo.png */ = {isa = PBXFileReference; lastKnownFileType = image.png; path = "icons8-redo.png"; sourceTree = "<group>"; };
		27C54BDA2221FAD6001F8EAF /* icons8-undo-redo.png */ = {isa = PBXFileReference; lastKnownFileType = image.png; path = "icons8-undo-redo.png"; sourceTree = "<group>"; };
		27D1E92F220DCE29001A1565 /* EditorBackgroundView.swift */ = {isa = PBXFileReference; lastKnownFileType = sourcecode.swift; path = EditorBackgroundView.swift; sourceTree = "<group>"; };
		27E94D9F21DAADCA00D0C4EE /* DLXAlgorithm.swift */ = {isa = PBXFileReference; fileEncoding = 4; lastKnownFileType = sourcecode.swift; path = DLXAlgorithm.swift; sourceTree = "<group>"; };
		27E94DA021DAADCA00D0C4EE /* DLX.swift */ = {isa = PBXFileReference; fileEncoding = 4; lastKnownFileType = sourcecode.swift; path = DLX.swift; sourceTree = "<group>"; };
		27E94DA121DAADCA00D0C4EE /* DLXColumnNode.swift */ = {isa = PBXFileReference; fileEncoding = 4; lastKnownFileType = sourcecode.swift; path = DLXColumnNode.swift; sourceTree = "<group>"; };
		27E94DA221DAADCA00D0C4EE /* DLXGridNode.swift */ = {isa = PBXFileReference; fileEncoding = 4; lastKnownFileType = sourcecode.swift; path = DLXGridNode.swift; sourceTree = "<group>"; };
		27E94DA321DAADCA00D0C4EE /* DLXNode.swift */ = {isa = PBXFileReference; fileEncoding = 4; lastKnownFileType = sourcecode.swift; path = DLXNode.swift; sourceTree = "<group>"; };
		27E94DA921DAADE900D0C4EE /* DLXSudoku.swift */ = {isa = PBXFileReference; fileEncoding = 4; lastKnownFileType = sourcecode.swift; path = DLXSudoku.swift; sourceTree = "<group>"; };
		27E94DAD21DBD76900D0C4EE /* RandomSudoku.swift */ = {isa = PBXFileReference; lastKnownFileType = sourcecode.swift; path = RandomSudoku.swift; sourceTree = "<group>"; };
		27E94DAF21E946C900D0C4EE /* SudokuGrader.swift */ = {isa = PBXFileReference; lastKnownFileType = sourcecode.swift; path = SudokuGrader.swift; sourceTree = "<group>"; };
		27E94DB521ECD3E700D0C4EE /* DigitSet.swift */ = {isa = PBXFileReference; lastKnownFileType = sourcecode.swift; path = DigitSet.swift; sourceTree = "<group>"; };
		27F3FBC82220376E00AA1B79 /* DigitButtonBox.swift */ = {isa = PBXFileReference; lastKnownFileType = sourcecode.swift; path = DigitButtonBox.swift; sourceTree = "<group>"; };
/* End PBXFileReference section */

/* Begin PBXFrameworksBuildPhase section */
		27022B5421A7B6970078588D /* Frameworks */ = {
			isa = PBXFrameworksBuildPhase;
			buildActionMask = 2147483647;
			files = (
			);
			runOnlyForDeploymentPostprocessing = 0;
		};
/* End PBXFrameworksBuildPhase section */

/* Begin PBXGroup section */
		27022B4E21A7B6970078588D = {
			isa = PBXGroup;
			children = (
				27E94D9E21DAAD9200D0C4EE /* DLX */,
				27022B9021A7BA090078588D /* UIElements */,
				2734F55221CA077F005DA954 /* Data */,
				2734F55321CA07BC005DA954 /* ViewControllers */,
				2734F55421CA081D005DA954 /* Storyboards */,
				2734F54321C86BA1005DA954 /* images */,
				27022B5921A7B6970078588D /* SudokuWizard */,
				27022B5821A7B6970078588D /* Products */,
			);
			sourceTree = "<group>";
		};
		27022B5821A7B6970078588D /* Products */ = {
			isa = PBXGroup;
			children = (
				27022B5721A7B6970078588D /* SudokuWizard.app */,
			);
			name = Products;
			sourceTree = "<group>";
		};
		27022B5921A7B6970078588D /* SudokuWizard */ = {
			isa = PBXGroup;
			children = (
				27022B5A21A7B6970078588D /* AppDelegate.swift */,
				27022B6621A7B6980078588D /* Info.plist */,
				27022B6121A7B6980078588D /* Assets.xcassets */,
			);
			path = SudokuWizard;
			sourceTree = "<group>";
		};
		27022B9021A7BA090078588D /* UIElements */ = {
			isa = PBXGroup;
			children = (
				27A1D63A21BA25A7007AF213 /* SudokuWizardCellView.swift */,
				270E7D5A21FC837300626223 /* SudokuWizardGridView.swift */,
				27161F0A21CD42AE006CDB71 /* SudokuWizard.swift */,
				27D1E92F220DCE29001A1565 /* EditorBackgroundView.swift */,
				27382552220E4C700067A6D7 /* StatusView.swift */,
				27382554220E8FE80067A6D7 /* DigitButton.swift */,
				27F3FBC82220376E00AA1B79 /* DigitButtonBox.swift */,
				270037AB2222D9FD00205DB8 /* IconButton.swift */,
			);
			path = UIElements;
			sourceTree = "<group>";
		};
		2734F54321C86BA1005DA954 /* images */ = {
			isa = PBXGroup;
			children = (
				2734F53F21C7589A005DA954 /* SudokuWizardSplash.png */,
				27161F1021CE1BE0006CDB71 /* icons8-settings.png */,
				2744C0AF21D541F3009DB55A /* icons8-squared_menu.png */,
				27B13BC321D4278900B4B81D /* icons8-squared_menu_filled.png */,
				2744C0B321D54584009DB55A /* icons8-under_construction_filled.png */,
				27C54BC72220D64E001F8EAF /* icons8-construction_carpenter_ruler.png */,
				27C54BC92220D783001F8EAF /* icons8-cancel.png */,
				27C54BCC2220EA77001F8EAF /* icons8-pen.png */,
				27C54BCE2220EA8E001F8EAF /* icons8-pencil_tip.png */,
				27C54BD62221FA6F001F8EAF /* icons8-undo.png */,
				27C54BD82221FA8E001F8EAF /* icons8-redo.png */,
				27C54BDA2221FAD6001F8EAF /* icons8-undo-redo.png */,
			);
			path = images;
			sourceTree = "<group>";
		};
		2734F55221CA077F005DA954 /* Data */ = {
			isa = PBXGroup;
			children = (
				2734F55021CA0741005DA954 /* Settings.swift */,
				27161F1121CE1C43006CDB71 /* FactoryDefaults.plist */,
				27E94DAD21DBD76900D0C4EE /* RandomSudoku.swift */,
				27E94DAF21E946C900D0C4EE /* SudokuGrader.swift */,
				27E94DB521ECD3E700D0C4EE /* DigitSet.swift */,
				270037AD2226D1D100205DB8 /* UndoManager.swift */,
			);
			path = Data;
			sourceTree = "<group>";
		};
		2734F55321CA07BC005DA954 /* ViewControllers */ = {
			isa = PBXGroup;
			children = (
				27022B5C21A7B6970078588D /* MainViewController.swift */,
				2734F54621C86C62005DA954 /* SettingsViewController.swift */,
				27B13BE521D52F9A00B4B81D /* NewPuzzleViewController.swift */,
				27C118B721D66D94001CC6CD /* ManualPuzzleViewController.swift */,
				2744C0B521D54B22009DB55A /* RandomPuzzleViewController.swift */,
				2744C0B121D544BE009DB55A /* ScanPuzzleViewController.swift */,
				2734F55521CBBCC5005DA954 /* Transitions.swift */,
			);
			path = ViewControllers;
			sourceTree = "<group>";
		};
		2734F55421CA081D005DA954 /* Storyboards */ = {
			isa = PBXGroup;
			children = (
				27022B5E21A7B6970078588D /* Main.storyboard */,
				27022B6321A7B6980078588D /* LaunchScreen.storyboard */,
			);
			path = Storyboards;
			sourceTree = "<group>";
		};
		27E94D9E21DAAD9200D0C4EE /* DLX */ = {
			isa = PBXGroup;
			children = (
				27E94DA921DAADE900D0C4EE /* DLXSudoku.swift */,
				27E94DA021DAADCA00D0C4EE /* DLX.swift */,
				27E94D9F21DAADCA00D0C4EE /* DLXAlgorithm.swift */,
				27E94DA121DAADCA00D0C4EE /* DLXColumnNode.swift */,
				27E94DA221DAADCA00D0C4EE /* DLXGridNode.swift */,
				27E94DA321DAADCA00D0C4EE /* DLXNode.swift */,
			);
			path = DLX;
			sourceTree = "<group>";
		};
/* End PBXGroup section */

/* Begin PBXNativeTarget section */
		27022B5621A7B6970078588D /* SudokuWizard */ = {
			isa = PBXNativeTarget;
			buildConfigurationList = 27022B6921A7B6980078588D /* Build configuration list for PBXNativeTarget "SudokuWizard" */;
			buildPhases = (
				27022B5321A7B6970078588D /* Sources */,
				27022B5421A7B6970078588D /* Frameworks */,
				27022B5521A7B6970078588D /* Resources */,
			);
			buildRules = (
			);
			dependencies = (
			);
			name = SudokuWizard;
			productName = SudokuWizard;
			productReference = 27022B5721A7B6970078588D /* SudokuWizard.app */;
			productType = "com.apple.product-type.application";
		};
/* End PBXNativeTarget section */

/* Begin PBXProject section */
		27022B4F21A7B6970078588D /* Project object */ = {
			isa = PBXProject;
			attributes = {
				LastSwiftUpdateCheck = 1010;
				LastUpgradeCheck = 1010;
				ORGANIZATIONNAME = VMWishes;
				TargetAttributes = {
					27022B5621A7B6970078588D = {
						CreatedOnToolsVersion = 10.1;
					};
				};
			};
			buildConfigurationList = 27022B5221A7B6970078588D /* Build configuration list for PBXProject "SudokuWizard" */;
			compatibilityVersion = "Xcode 10.0";
			developmentRegion = en;
			hasScannedForEncodings = 0;
			knownRegions = (
				en,
				Base,
			);
			mainGroup = 27022B4E21A7B6970078588D;
			productRefGroup = 27022B5821A7B6970078588D /* Products */;
			projectDirPath = "";
			projectRoot = "";
			targets = (
				27022B5621A7B6970078588D /* SudokuWizard */,
			);
		};
/* End PBXProject section */

/* Begin PBXResourcesBuildPhase section */
		27022B5521A7B6970078588D /* Resources */ = {
			isa = PBXResourcesBuildPhase;
			buildActionMask = 2147483647;
			files = (
				27161F1321CEA928006CDB71 /* icons8-settings.png in Resources */,
				2734F54021C7589A005DA954 /* SudokuWizardSplash.png in Resources */,
				27B13BC421D4278900B4B81D /* icons8-squared_menu_filled.png in Resources */,
				27C54BCA2220D784001F8EAF /* icons8-cancel.png in Resources */,
				27C54BCF2220EA8E001F8EAF /* icons8-pencil_tip.png in Resources */,
				27C54BD72221FA6F001F8EAF /* icons8-undo.png in Resources */,
				27C54BDB2221FAD6001F8EAF /* icons8-undo-redo.png in Resources */,
				27C54BD92221FA8E001F8EAF /* icons8-redo.png in Resources */,
				27C54BC82220D64E001F8EAF /* icons8-construction_carpenter_ruler.png in Resources */,
				2744C0B421D54584009DB55A /* icons8-under_construction_filled.png in Resources */,
				27022B6521A7B6980078588D /* LaunchScreen.storyboard in Resources */,
				2744C0B021D541F3009DB55A /* icons8-squared_menu.png in Resources */,
				27161F1221CE1C43006CDB71 /* FactoryDefaults.plist in Resources */,
				27C54BCD2220EA77001F8EAF /* icons8-pen.png in Resources */,
				27022B6221A7B6980078588D /* Assets.xcassets in Resources */,
				27022B6021A7B6970078588D /* Main.storyboard in Resources */,
			);
			runOnlyForDeploymentPostprocessing = 0;
		};
/* End PBXResourcesBuildPhase section */

/* Begin PBXSourcesBuildPhase section */
		27022B5321A7B6970078588D /* Sources */ = {
			isa = PBXSourcesBuildPhase;
			buildActionMask = 2147483647;
			files = (
				27F3FBC92220376E00AA1B79 /* DigitButtonBox.swift in Sources */,
				270E7D5B21FC837300626223 /* SudokuWizardGridView.swift in Sources */,
				27E94DB021E946C900D0C4EE /* SudokuGrader.swift in Sources */,
				27D1E930220DCE29001A1565 /* EditorBackgroundView.swift in Sources */,
				27A1D63B21BA25A8007AF213 /* SudokuWizardCellView.swift in Sources */,
				270037AE2226D1D100205DB8 /* UndoManager.swift in Sources */,
				2734F55621CBBCC5005DA954 /* Transitions.swift in Sources */,
				270037AC2222D9FD00205DB8 /* IconButton.swift in Sources */,
				27022B5D21A7B6970078588D /* MainViewController.swift in Sources */,
				27C118B821D66D94001CC6CD /* ManualPuzzleViewController.swift in Sources */,
				27E94DAA21DAADE900D0C4EE /* DLXSudoku.swift in Sources */,
				27382553220E4C700067A6D7 /* StatusView.swift in Sources */,
				27E94DB621ECD3E800D0C4EE /* DigitSet.swift in Sources */,
				27022B5B21A7B6970078588D /* AppDelegate.swift in Sources */,
				27E94DA421DAADCA00D0C4EE /* DLXAlgorithm.swift in Sources */,
				27B13BE621D52F9A00B4B81D /* NewPuzzleViewController.swift in Sources */,
				27E94DAE21DBD76900D0C4EE /* RandomSudoku.swift in Sources */,
				2734F55121CA0741005DA954 /* Settings.swift in Sources */,
				27E94DA521DAADCA00D0C4EE /* DLX.swift in Sources */,
				27E94DA821DAADCA00D0C4EE /* DLXNode.swift in Sources */,
				27382555220E8FE80067A6D7 /* DigitButton.swift in Sources */,
				27E94DA721DAADCA00D0C4EE /* DLXGridNode.swift in Sources */,
				27E94DA621DAADCA00D0C4EE /* DLXColumnNode.swift in Sources */,
				27161F0B21CD42AE006CDB71 /* SudokuWizard.swift in Sources */,
				2744C0B221D544BE009DB55A /* ScanPuzzleViewController.swift in Sources */,
				2744C0B621D54B22009DB55A /* RandomPuzzleViewController.swift in Sources */,
				2734F54721C86C62005DA954 /* SettingsViewController.swift in Sources */,
			);
			runOnlyForDeploymentPostprocessing = 0;
		};
/* End PBXSourcesBuildPhase section */

/* Begin PBXVariantGroup section */
		27022B5E21A7B6970078588D /* Main.storyboard */ = {
			isa = PBXVariantGroup;
			children = (
				27022B5F21A7B6970078588D /* Base */,
			);
			name = Main.storyboard;
			sourceTree = "<group>";
		};
		27022B6321A7B6980078588D /* LaunchScreen.storyboard */ = {
			isa = PBXVariantGroup;
			children = (
				27022B6421A7B6980078588D /* Base */,
			);
			name = LaunchScreen.storyboard;
			sourceTree = "<group>";
		};
/* End PBXVariantGroup section */

/* Begin XCBuildConfiguration section */
		27022B6721A7B6980078588D /* Debug */ = {
			isa = XCBuildConfiguration;
			buildSettings = {
				ALWAYS_SEARCH_USER_PATHS = NO;
				CLANG_ANALYZER_NONNULL = YES;
				CLANG_ANALYZER_NUMBER_OBJECT_CONVERSION = YES_AGGRESSIVE;
				CLANG_CXX_LANGUAGE_STANDARD = "gnu++14";
				CLANG_CXX_LIBRARY = "libc++";
				CLANG_ENABLE_MODULES = YES;
				CLANG_ENABLE_OBJC_ARC = YES;
				CLANG_ENABLE_OBJC_WEAK = YES;
				CLANG_WARN_BLOCK_CAPTURE_AUTORELEASING = YES;
				CLANG_WARN_BOOL_CONVERSION = YES;
				CLANG_WARN_COMMA = YES;
				CLANG_WARN_CONSTANT_CONVERSION = YES;
				CLANG_WARN_DEPRECATED_OBJC_IMPLEMENTATIONS = YES;
				CLANG_WARN_DIRECT_OBJC_ISA_USAGE = YES_ERROR;
				CLANG_WARN_DOCUMENTATION_COMMENTS = YES;
				CLANG_WARN_EMPTY_BODY = YES;
				CLANG_WARN_ENUM_CONVERSION = YES;
				CLANG_WARN_INFINITE_RECURSION = YES;
				CLANG_WARN_INT_CONVERSION = YES;
				CLANG_WARN_NON_LITERAL_NULL_CONVERSION = YES;
				CLANG_WARN_OBJC_IMPLICIT_RETAIN_SELF = YES;
				CLANG_WARN_OBJC_LITERAL_CONVERSION = YES;
				CLANG_WARN_OBJC_ROOT_CLASS = YES_ERROR;
				CLANG_WARN_RANGE_LOOP_ANALYSIS = YES;
				CLANG_WARN_STRICT_PROTOTYPES = YES;
				CLANG_WARN_SUSPICIOUS_MOVE = YES;
				CLANG_WARN_UNGUARDED_AVAILABILITY = YES_AGGRESSIVE;
				CLANG_WARN_UNREACHABLE_CODE = YES;
				CLANG_WARN__DUPLICATE_METHOD_MATCH = YES;
				CODE_SIGN_IDENTITY = "iPhone Developer";
				COPY_PHASE_STRIP = NO;
				DEBUG_INFORMATION_FORMAT = dwarf;
				ENABLE_STRICT_OBJC_MSGSEND = YES;
				ENABLE_TESTABILITY = YES;
				GCC_C_LANGUAGE_STANDARD = gnu11;
				GCC_DYNAMIC_NO_PIC = NO;
				GCC_NO_COMMON_BLOCKS = YES;
				GCC_OPTIMIZATION_LEVEL = 0;
				GCC_PREPROCESSOR_DEFINITIONS = (
					"DEBUG=1",
					"$(inherited)",
				);
				GCC_WARN_64_TO_32_BIT_CONVERSION = YES;
				GCC_WARN_ABOUT_RETURN_TYPE = YES_ERROR;
				GCC_WARN_UNDECLARED_SELECTOR = YES;
				GCC_WARN_UNINITIALIZED_AUTOS = YES_AGGRESSIVE;
				GCC_WARN_UNUSED_FUNCTION = YES;
				GCC_WARN_UNUSED_VARIABLE = YES;
				IPHONEOS_DEPLOYMENT_TARGET = 12.1;
				MTL_ENABLE_DEBUG_INFO = INCLUDE_SOURCE;
				MTL_FAST_MATH = YES;
				ONLY_ACTIVE_ARCH = YES;
				SDKROOT = iphoneos;
				SWIFT_ACTIVE_COMPILATION_CONDITIONS = DEBUG;
				SWIFT_OPTIMIZATION_LEVEL = "-Onone";
			};
			name = Debug;
		};
		27022B6821A7B6980078588D /* Release */ = {
			isa = XCBuildConfiguration;
			buildSettings = {
				ALWAYS_SEARCH_USER_PATHS = NO;
				CLANG_ANALYZER_NONNULL = YES;
				CLANG_ANALYZER_NUMBER_OBJECT_CONVERSION = YES_AGGRESSIVE;
				CLANG_CXX_LANGUAGE_STANDARD = "gnu++14";
				CLANG_CXX_LIBRARY = "libc++";
				CLANG_ENABLE_MODULES = YES;
				CLANG_ENABLE_OBJC_ARC = YES;
				CLANG_ENABLE_OBJC_WEAK = YES;
				CLANG_WARN_BLOCK_CAPTURE_AUTORELEASING = YES;
				CLANG_WARN_BOOL_CONVERSION = YES;
				CLANG_WARN_COMMA = YES;
				CLANG_WARN_CONSTANT_CONVERSION = YES;
				CLANG_WARN_DEPRECATED_OBJC_IMPLEMENTATIONS = YES;
				CLANG_WARN_DIRECT_OBJC_ISA_USAGE = YES_ERROR;
				CLANG_WARN_DOCUMENTATION_COMMENTS = YES;
				CLANG_WARN_EMPTY_BODY = YES;
				CLANG_WARN_ENUM_CONVERSION = YES;
				CLANG_WARN_INFINITE_RECURSION = YES;
				CLANG_WARN_INT_CONVERSION = YES;
				CLANG_WARN_NON_LITERAL_NULL_CONVERSION = YES;
				CLANG_WARN_OBJC_IMPLICIT_RETAIN_SELF = YES;
				CLANG_WARN_OBJC_LITERAL_CONVERSION = YES;
				CLANG_WARN_OBJC_ROOT_CLASS = YES_ERROR;
				CLANG_WARN_RANGE_LOOP_ANALYSIS = YES;
				CLANG_WARN_STRICT_PROTOTYPES = YES;
				CLANG_WARN_SUSPICIOUS_MOVE = YES;
				CLANG_WARN_UNGUARDED_AVAILABILITY = YES_AGGRESSIVE;
				CLANG_WARN_UNREACHABLE_CODE = YES;
				CLANG_WARN__DUPLICATE_METHOD_MATCH = YES;
				CODE_SIGN_IDENTITY = "iPhone Developer";
				COPY_PHASE_STRIP = NO;
				DEBUG_INFORMATION_FORMAT = "dwarf-with-dsym";
				ENABLE_NS_ASSERTIONS = NO;
				ENABLE_STRICT_OBJC_MSGSEND = YES;
				GCC_C_LANGUAGE_STANDARD = gnu11;
				GCC_NO_COMMON_BLOCKS = YES;
				GCC_WARN_64_TO_32_BIT_CONVERSION = YES;
				GCC_WARN_ABOUT_RETURN_TYPE = YES_ERROR;
				GCC_WARN_UNDECLARED_SELECTOR = YES;
				GCC_WARN_UNINITIALIZED_AUTOS = YES_AGGRESSIVE;
				GCC_WARN_UNUSED_FUNCTION = YES;
				GCC_WARN_UNUSED_VARIABLE = YES;
				IPHONEOS_DEPLOYMENT_TARGET = 12.1;
				MTL_ENABLE_DEBUG_INFO = NO;
				MTL_FAST_MATH = YES;
				SDKROOT = iphoneos;
				SWIFT_COMPILATION_MODE = wholemodule;
				SWIFT_OPTIMIZATION_LEVEL = "-O";
				VALIDATE_PRODUCT = YES;
			};
			name = Release;
		};
		27022B6A21A7B6980078588D /* Debug */ = {
			isa = XCBuildConfiguration;
			buildSettings = {
				ASSETCATALOG_COMPILER_APPICON_NAME = AppIcon;
				CODE_SIGN_STYLE = Automatic;
				DEVELOPMENT_TEAM = 642SNV9NK2;
				INFOPLIST_FILE = SudokuWizard/Info.plist;
				IPHONEOS_DEPLOYMENT_TARGET = 10.0;
				LD_RUNPATH_SEARCH_PATHS = (
					"$(inherited)",
					"@executable_path/Frameworks",
				);
				PRODUCT_BUNDLE_IDENTIFIER = com.vmwishes.SudokuWizard;
				PRODUCT_NAME = "$(TARGET_NAME)";
				SWIFT_VERSION = 4.2;
				TARGETED_DEVICE_FAMILY = 1;
			};
			name = Debug;
		};
		27022B6B21A7B6980078588D /* Release */ = {
			isa = XCBuildConfiguration;
			buildSettings = {
				ASSETCATALOG_COMPILER_APPICON_NAME = AppIcon;
				CODE_SIGN_STYLE = Automatic;
				DEVELOPMENT_TEAM = 642SNV9NK2;
				INFOPLIST_FILE = SudokuWizard/Info.plist;
				IPHONEOS_DEPLOYMENT_TARGET = 10.0;
				LD_RUNPATH_SEARCH_PATHS = (
					"$(inherited)",
					"@executable_path/Frameworks",
				);
				PRODUCT_BUNDLE_IDENTIFIER = com.vmwishes.SudokuWizard;
				PRODUCT_NAME = "$(TARGET_NAME)";
				SWIFT_VERSION = 4.2;
				TARGETED_DEVICE_FAMILY = 1;
			};
			name = Release;
		};
/* End XCBuildConfiguration section */

/* Begin XCConfigurationList section */
		27022B5221A7B6970078588D /* Build configuration list for PBXProject "SudokuWizard" */ = {
			isa = XCConfigurationList;
			buildConfigurations = (
				27022B6721A7B6980078588D /* Debug */,
				27022B6821A7B6980078588D /* Release */,
			);
			defaultConfigurationIsVisible = 0;
			defaultConfigurationName = Release;
		};
		27022B6921A7B6980078588D /* Build configuration list for PBXNativeTarget "SudokuWizard" */ = {
			isa = XCConfigurationList;
			buildConfigurations = (
				27022B6A21A7B6980078588D /* Debug */,
				27022B6B21A7B6980078588D /* Release */,
			);
			defaultConfigurationIsVisible = 0;
			defaultConfigurationName = Release;
		};
/* End XCConfigurationList section */
	};
	rootObject = 27022B4F21A7B6970078588D /* Project object */;
}
